
Microsoft Visual Studio Solution File, Format Version 12.00
# Visual Studio Version 17
VisualStudioVersion = 17.0.31903.59
MinimumVisualStudioVersion = 10.0.40219.1
Project("{2150E333-8FDC-42A3-9474-1A3956D46DE8}") = "src", "src", "{827E0CD3-B72D-47B6-A68D-7590B98EB39B}"
EndProject
Project("{FAE04EC0-301F-11D3-BF4B-00C04F79EFBC}") = "movielogger.api", "src\movielogger.api\movielogger.api.csproj", "{978F4AB2-85D7-432C-963A-D62685AD161D}"
EndProject
Project("{FAE04EC0-301F-11D3-BF4B-00C04F79EFBC}") = "movielogger.services", "src\movielogger.services\movielogger.services.csproj", "{6CDE9D34-1251-40A1-A5EC-55E3D72DF4FD}"
EndProject
Project("{FAE04EC0-301F-11D3-BF4B-00C04F79EFBC}") = "movielogger.dal", "src\movielogger.dal\movielogger.dal.csproj", "{78A2E674-9ACC-43B5-B8E1-43045099FF76}"
EndProject
Project("{2150E333-8FDC-42A3-9474-1A3956D46DE8}") = "tests", "tests", "{0AB3BF05-4346-4AA6-1389-037BE0695223}"
EndProject
Project("{FAE04EC0-301F-11D3-BF4B-00C04F79EFBC}") = "movielogger.api.tests", "tests\movielogger.api.tests\movielogger.api.tests.csproj", "{8CD7B8D9-8F3C-47B9-9DA5-EA96CE8B4CEF}"
EndProject
Project("{FAE04EC0-301F-11D3-BF4B-00C04F79EFBC}") = "movielogger.services.tests", "tests\movielogger.services.tests\movielogger.services.tests.csproj", "{7ED8BDED-F1A4-47F7-941E-5657ED906C86}"
EndProject
Project("{FAE04EC0-301F-11D3-BF4B-00C04F79EFBC}") = "movielogger.messaging", "src\movielogger.messaging\movielogger.messaging.csproj", "{9ADB2A91-C391-46AE-87E6-503D73510D2D}"
EndProject
Global
	GlobalSection(SolutionConfigurationPlatforms) = preSolution
		Debug|Any CPU = Debug|Any CPU
		Debug|x64 = Debug|x64
		Debug|x86 = Debug|x86
		Release|Any CPU = Release|Any CPU
		Release|x64 = Release|x64
		Release|x86 = Release|x86
	EndGlobalSection
	GlobalSection(ProjectConfigurationPlatforms) = postSolution
		{978F4AB2-85D7-432C-963A-D62685AD161D}.Debug|Any CPU.ActiveCfg = Debug|Any CPU
		{978F4AB2-85D7-432C-963A-D62685AD161D}.Debug|Any CPU.Build.0 = Debug|Any CPU
		{978F4AB2-85D7-432C-963A-D62685AD161D}.Debug|x64.ActiveCfg = Debug|Any CPU
		{978F4AB2-85D7-432C-963A-D62685AD161D}.Debug|x64.Build.0 = Debug|Any CPU
		{978F4AB2-85D7-432C-963A-D62685AD161D}.Debug|x86.ActiveCfg = Debug|Any CPU
		{978F4AB2-85D7-432C-963A-D62685AD161D}.Debug|x86.Build.0 = Debug|Any CPU
		{978F4AB2-85D7-432C-963A-D62685AD161D}.Release|Any CPU.ActiveCfg = Release|Any CPU
		{978F4AB2-85D7-432C-963A-D62685AD161D}.Release|Any CPU.Build.0 = Release|Any CPU
		{978F4AB2-85D7-432C-963A-D62685AD161D}.Release|x64.ActiveCfg = Release|Any CPU
		{978F4AB2-85D7-432C-963A-D62685AD161D}.Release|x64.Build.0 = Release|Any CPU
		{978F4AB2-85D7-432C-963A-D62685AD161D}.Release|x86.ActiveCfg = Release|Any CPU
		{978F4AB2-85D7-432C-963A-D62685AD161D}.Release|x86.Build.0 = Release|Any CPU
		{6CDE9D34-1251-40A1-A5EC-55E3D72DF4FD}.Debug|Any CPU.ActiveCfg = Debug|Any CPU
		{6CDE9D34-1251-40A1-A5EC-55E3D72DF4FD}.Debug|Any CPU.Build.0 = Debug|Any CPU
		{6CDE9D34-1251-40A1-A5EC-55E3D72DF4FD}.Debug|x64.ActiveCfg = Debug|Any CPU
		{6CDE9D34-1251-40A1-A5EC-55E3D72DF4FD}.Debug|x64.Build.0 = Debug|Any CPU
		{6CDE9D34-1251-40A1-A5EC-55E3D72DF4FD}.Debug|x86.ActiveCfg = Debug|Any CPU
		{6CDE9D34-1251-40A1-A5EC-55E3D72DF4FD}.Debug|x86.Build.0 = Debug|Any CPU
		{6CDE9D34-1251-40A1-A5EC-55E3D72DF4FD}.Release|Any CPU.ActiveCfg = Release|Any CPU
		{6CDE9D34-1251-40A1-A5EC-55E3D72DF4FD}.Release|Any CPU.Build.0 = Release|Any CPU
		{6CDE9D34-1251-40A1-A5EC-55E3D72DF4FD}.Release|x64.ActiveCfg = Release|Any CPU
		{6CDE9D34-1251-40A1-A5EC-55E3D72DF4FD}.Release|x64.Build.0 = Release|Any CPU
		{6CDE9D34-1251-40A1-A5EC-55E3D72DF4FD}.Release|x86.ActiveCfg = Release|Any CPU
		{6CDE9D34-1251-40A1-A5EC-55E3D72DF4FD}.Release|x86.Build.0 = Release|Any CPU
		{78A2E674-9ACC-43B5-B8E1-43045099FF76}.Debug|Any CPU.ActiveCfg = Debug|Any CPU
		{78A2E674-9ACC-43B5-B8E1-43045099FF76}.Debug|Any CPU.Build.0 = Debug|Any CPU
		{78A2E674-9ACC-43B5-B8E1-43045099FF76}.Debug|x64.ActiveCfg = Debug|Any CPU
		{78A2E674-9ACC-43B5-B8E1-43045099FF76}.Debug|x64.Build.0 = Debug|Any CPU
		{78A2E674-9ACC-43B5-B8E1-43045099FF76}.Debug|x86.ActiveCfg = Debug|Any CPU
		{78A2E674-9ACC-43B5-B8E1-43045099FF76}.Debug|x86.Build.0 = Debug|Any CPU
		{78A2E674-9ACC-43B5-B8E1-43045099FF76}.Release|Any CPU.ActiveCfg = Release|Any CPU
		{78A2E674-9ACC-43B5-B8E1-43045099FF76}.Release|Any CPU.Build.0 = Release|Any CPU
		{78A2E674-9ACC-43B5-B8E1-43045099FF76}.Release|x64.ActiveCfg = Release|Any CPU
		{78A2E674-9ACC-43B5-B8E1-43045099FF76}.Release|x64.Build.0 = Release|Any CPU
		{78A2E674-9ACC-43B5-B8E1-43045099FF76}.Release|x86.ActiveCfg = Release|Any CPU
		{78A2E674-9ACC-43B5-B8E1-43045099FF76}.Release|x86.Build.0 = Release|Any CPU
		{8CD7B8D9-8F3C-47B9-9DA5-EA96CE8B4CEF}.Debug|Any CPU.ActiveCfg = Debug|Any CPU
		{8CD7B8D9-8F3C-47B9-9DA5-EA96CE8B4CEF}.Debug|Any CPU.Build.0 = Debug|Any CPU
		{8CD7B8D9-8F3C-47B9-9DA5-EA96CE8B4CEF}.Debug|x64.ActiveCfg = Debug|Any CPU
		{8CD7B8D9-8F3C-47B9-9DA5-EA96CE8B4CEF}.Debug|x64.Build.0 = Debug|Any CPU
		{8CD7B8D9-8F3C-47B9-9DA5-EA96CE8B4CEF}.Debug|x86.ActiveCfg = Debug|Any CPU
		{8CD7B8D9-8F3C-47B9-9DA5-EA96CE8B4CEF}.Debug|x86.Build.0 = Debug|Any CPU
		{8CD7B8D9-8F3C-47B9-9DA5-EA96CE8B4CEF}.Release|Any CPU.ActiveCfg = Release|Any CPU
		{8CD7B8D9-8F3C-47B9-9DA5-EA96CE8B4CEF}.Release|Any CPU.Build.0 = Release|Any CPU
		{8CD7B8D9-8F3C-47B9-9DA5-EA96CE8B4CEF}.Release|x64.ActiveCfg = Release|Any CPU
		{8CD7B8D9-8F3C-47B9-9DA5-EA96CE8B4CEF}.Release|x64.Build.0 = Release|Any CPU
		{8CD7B8D9-8F3C-47B9-9DA5-EA96CE8B4CEF}.Release|x86.ActiveCfg = Release|Any CPU
		{8CD7B8D9-8F3C-47B9-9DA5-EA96CE8B4CEF}.Release|x86.Build.0 = Release|Any CPU
		{7ED8BDED-F1A4-47F7-941E-5657ED906C86}.Debug|Any CPU.ActiveCfg = Debug|Any CPU
		{7ED8BDED-F1A4-47F7-941E-5657ED906C86}.Debug|Any CPU.Build.0 = Debug|Any CPU
		{7ED8BDED-F1A4-47F7-941E-5657ED906C86}.Debug|x64.ActiveCfg = Debug|Any CPU
		{7ED8BDED-F1A4-47F7-941E-5657ED906C86}.Debug|x64.Build.0 = Debug|Any CPU
		{7ED8BDED-F1A4-47F7-941E-5657ED906C86}.Debug|x86.ActiveCfg = Debug|Any CPU
		{7ED8BDED-F1A4-47F7-941E-5657ED906C86}.Debug|x86.Build.0 = Debug|Any CPU
		{7ED8BDED-F1A4-47F7-941E-5657ED906C86}.Release|Any CPU.ActiveCfg = Release|Any CPU
		{7ED8BDED-F1A4-47F7-941E-5657ED906C86}.Release|Any CPU.Build.0 = Release|Any CPU
		{7ED8BDED-F1A4-47F7-941E-5657ED906C86}.Release|x64.ActiveCfg = Release|Any CPU
		{7ED8BDED-F1A4-47F7-941E-5657ED906C86}.Release|x64.Build.0 = Release|Any CPU
		{7ED8BDED-F1A4-47F7-941E-5657ED906C86}.Release|x86.ActiveCfg = Release|Any CPU
		{7ED8BDED-F1A4-47F7-941E-5657ED906C86}.Release|x86.Build.0 = Release|Any CPU
		{9ADB2A91-C391-46AE-87E6-503D73510D2D}.Debug|Any CPU.ActiveCfg = Debug|Any CPU
		{9ADB2A91-C391-46AE-87E6-503D73510D2D}.Debug|Any CPU.Build.0 = Debug|Any CPU
		{9ADB2A91-C391-46AE-87E6-503D73510D2D}.Debug|x64.ActiveCfg = Debug|Any CPU
		{9ADB2A91-C391-46AE-87E6-503D73510D2D}.Debug|x64.Build.0 = Debug|Any CPU
		{9ADB2A91-C391-46AE-87E6-503D73510D2D}.Debug|x86.ActiveCfg = Debug|Any CPU
		{9ADB2A91-C391-46AE-87E6-503D73510D2D}.Debug|x86.Build.0 = Debug|Any CPU
		{9ADB2A91-C391-46AE-87E6-503D73510D2D}.Release|Any CPU.ActiveCfg = Release|Any CPU
		{9ADB2A91-C391-46AE-87E6-503D73510D2D}.Release|Any CPU.Build.0 = Release|Any CPU
		{9ADB2A91-C391-46AE-87E6-503D73510D2D}.Release|x64.ActiveCfg = Release|Any CPU
		{9ADB2A91-C391-46AE-87E6-503D73510D2D}.Release|x64.Build.0 = Release|Any CPU
		{9ADB2A91-C391-46AE-87E6-503D73510D2D}.Release|x86.ActiveCfg = Release|Any CPU
		{9ADB2A91-C391-46AE-87E6-503D73510D2D}.Release|x86.Build.0 = Release|Any CPU
	EndGlobalSection
	GlobalSection(SolutionProperties) = preSolution
		HideSolutionNode = FALSE
	EndGlobalSection
	GlobalSection(NestedProjects) = preSolution
		{978F4AB2-85D7-432C-963A-D62685AD161D} = {827E0CD3-B72D-47B6-A68D-7590B98EB39B}
		{6CDE9D34-1251-40A1-A5EC-55E3D72DF4FD} = {827E0CD3-B72D-47B6-A68D-7590B98EB39B}
		{78A2E674-9ACC-43B5-B8E1-43045099FF76} = {827E0CD3-B72D-47B6-A68D-7590B98EB39B}
		{8CD7B8D9-8F3C-47B9-9DA5-EA96CE8B4CEF} = {0AB3BF05-4346-4AA6-1389-037BE0695223}
		{7ED8BDED-F1A4-47F7-941E-5657ED906C86} = {0AB3BF05-4346-4AA6-1389-037BE0695223}
		{9ADB2A91-C391-46AE-87E6-503D73510D2D} = {827E0CD3-B72D-47B6-A68D-7590B98EB39B}
	EndGlobalSection
EndGlobal
